
Microsoft Visual Studio Solution File, Format Version 12.00
# Visual Studio Version 17
VisualStudioVersion = 17.2.32602.215
MinimumVisualStudioVersion = 10.0.40219.1
Project("{FAE04EC0-301F-11D3-BF4B-00C04F79EFBC}") = "UrlShortener.API", "UrlShortener.API\UrlShortener.API.csproj", "{ACF9CFBE-F9BF-4121-8FE3-C90BA3668856}"
EndProject
Project("{FAE04EC0-301F-11D3-BF4B-00C04F79EFBC}") = "UrlShortener.Shared", "UrlShortener.Shared\UrlShortener.Shared.csproj", "{13B0CF23-E5E6-4878-9D11-09605F7DABE2}"
EndProject
Global
	GlobalSection(SolutionConfigurationPlatforms) = preSolution
		Debug|Any CPU = Debug|Any CPU
		Release|Any CPU = Release|Any CPU
	EndGlobalSection
	GlobalSection(ProjectConfigurationPlatforms) = postSolution
		{ACF9CFBE-F9BF-4121-8FE3-C90BA3668856}.Debug|Any CPU.ActiveCfg = Debug|Any CPU
		{ACF9CFBE-F9BF-4121-8FE3-C90BA3668856}.Debug|Any CPU.Build.0 = Debug|Any CPU
		{ACF9CFBE-F9BF-4121-8FE3-C90BA3668856}.Release|Any CPU.ActiveCfg = Release|Any CPU
		{ACF9CFBE-F9BF-4121-8FE3-C90BA3668856}.Release|Any CPU.Build.0 = Release|Any CPU
		{13B0CF23-E5E6-4878-9D11-09605F7DABE2}.Debug|Any CPU.ActiveCfg = Debug|Any CPU
		{13B0CF23-E5E6-4878-9D11-09605F7DABE2}.Debug|Any CPU.Build.0 = Debug|Any CPU
		{13B0CF23-E5E6-4878-9D11-09605F7DABE2}.Release|Any CPU.ActiveCfg = Release|Any CPU
		{13B0CF23-E5E6-4878-9D11-09605F7DABE2}.Release|Any CPU.Build.0 = Release|Any CPU
	EndGlobalSection
	GlobalSection(SolutionProperties) = preSolution
		HideSolutionNode = FALSE
	EndGlobalSection
	GlobalSection(ExtensibilityGlobals) = postSolution
		SolutionGuid = {B00208C2-5C75-4DB6-827C-55AB81BBEE99}
	EndGlobalSection
EndGlobal
